// !$*UTF8*$!
{
	archiveVersion = 1;
	classes = {
	};
	objectVersion = 56;
	objects = {

/* Begin PBXBuildFile section */
		43DFD61E2B27816800AB76BF /* AppDelegate.swift in Sources */ = {isa = PBXBuildFile; fileRef = 43DFD61D2B27816800AB76BF /* AppDelegate.swift */; };
		43DFD6202B27816800AB76BF /* SceneDelegate.swift in Sources */ = {isa = PBXBuildFile; fileRef = 43DFD61F2B27816800AB76BF /* SceneDelegate.swift */; };
		43DFD6222B27816800AB76BF /* ViewController.swift in Sources */ = {isa = PBXBuildFile; fileRef = 43DFD6212B27816800AB76BF /* ViewController.swift */; };
		43DFD6252B27816800AB76BF /* Main.storyboard in Resources */ = {isa = PBXBuildFile; fileRef = 43DFD6232B27816800AB76BF /* Main.storyboard */; };
		43DFD6282B27816800AB76BF /* Bank_app.xcdatamodeld in Sources */ = {isa = PBXBuildFile; fileRef = 43DFD6262B27816800AB76BF /* Bank_app.xcdatamodeld */; };
		43DFD62A2B27816A00AB76BF /* Assets.xcassets in Resources */ = {isa = PBXBuildFile; fileRef = 43DFD6292B27816A00AB76BF /* Assets.xcassets */; };
		43DFD62D2B27816A00AB76BF /* LaunchScreen.storyboard in Resources */ = {isa = PBXBuildFile; fileRef = 43DFD62B2B27816A00AB76BF /* LaunchScreen.storyboard */; };
		43DFD6382B27816A00AB76BF /* Bank_appTests.swift in Sources */ = {isa = PBXBuildFile; fileRef = 43DFD6372B27816A00AB76BF /* Bank_appTests.swift */; };
		43DFD6422B27816A00AB76BF /* Bank_appUITests.swift in Sources */ = {isa = PBXBuildFile; fileRef = 43DFD6412B27816A00AB76BF /* Bank_appUITests.swift */; };
		43DFD6442B27816A00AB76BF /* Bank_appUITestsLaunchTests.swift in Sources */ = {isa = PBXBuildFile; fileRef = 43DFD6432B27816A00AB76BF /* Bank_appUITestsLaunchTests.swift */; };
/* End PBXBuildFile section */

/* Begin PBXContainerItemProxy section */
		43DFD6342B27816A00AB76BF /* PBXContainerItemProxy */ = {
			isa = PBXContainerItemProxy;
			containerPortal = 43DFD6122B27816800AB76BF /* Project object */;
			proxyType = 1;
			remoteGlobalIDString = 43DFD6192B27816800AB76BF;
			remoteInfo = "Bank-app";
		};
		43DFD63E2B27816A00AB76BF /* PBXContainerItemProxy */ = {
			isa = PBXContainerItemProxy;
			containerPortal = 43DFD6122B27816800AB76BF /* Project object */;
			proxyType = 1;
			remoteGlobalIDString = 43DFD6192B27816800AB76BF;
			remoteInfo = "Bank-app";
		};
/* End PBXContainerItemProxy section */

/* Begin PBXFileReference section */
		43DFD61A2B27816800AB76BF /* Bank-app.app */ = {isa = PBXFileReference; explicitFileType = wrapper.application; includeInIndex = 0; path = "Bank-app.app"; sourceTree = BUILT_PRODUCTS_DIR; };
		43DFD61D2B27816800AB76BF /* AppDelegate.swift */ = {isa = PBXFileReference; lastKnownFileType = sourcecode.swift; path = AppDelegate.swift; sourceTree = "<group>"; };
		43DFD61F2B27816800AB76BF /* SceneDelegate.swift */ = {isa = PBXFileReference; lastKnownFileType = sourcecode.swift; path = SceneDelegate.swift; sourceTree = "<group>"; };
		43DFD6212B27816800AB76BF /* ViewController.swift */ = {isa = PBXFileReference; lastKnownFileType = sourcecode.swift; path = ViewController.swift; sourceTree = "<group>"; };
		43DFD6242B27816800AB76BF /* Base */ = {isa = PBXFileReference; lastKnownFileType = file.storyboard; name = Base; path = Base.lproj/Main.storyboard; sourceTree = "<group>"; };
		43DFD6272B27816800AB76BF /* Bank_app.xcdatamodel */ = {isa = PBXFileReference; lastKnownFileType = wrapper.xcdatamodel; path = Bank_app.xcdatamodel; sourceTree = "<group>"; };
		43DFD6292B27816A00AB76BF /* Assets.xcassets */ = {isa = PBXFileReference; lastKnownFileType = folder.assetcatalog; path = Assets.xcassets; sourceTree = "<group>"; };
		43DFD62C2B27816A00AB76BF /* Base */ = {isa = PBXFileReference; lastKnownFileType = file.storyboard; name = Base; path = Base.lproj/LaunchScreen.storyboard; sourceTree = "<group>"; };
		43DFD62E2B27816A00AB76BF /* Info.plist */ = {isa = PBXFileReference; lastKnownFileType = text.plist.xml; path = Info.plist; sourceTree = "<group>"; };
		43DFD6332B27816A00AB76BF /* Bank-appTests.xctest */ = {isa = PBXFileReference; explicitFileType = wrapper.cfbundle; includeInIndex = 0; path = "Bank-appTests.xctest"; sourceTree = BUILT_PRODUCTS_DIR; };
		43DFD6372B27816A00AB76BF /* Bank_appTests.swift */ = {isa = PBXFileReference; lastKnownFileType = sourcecode.swift; path = Bank_appTests.swift; sourceTree = "<group>"; };
		43DFD63D2B27816A00AB76BF /* Bank-appUITests.xctest */ = {isa = PBXFileReference; explicitFileType = wrapper.cfbundle; includeInIndex = 0; path = "Bank-appUITests.xctest"; sourceTree = BUILT_PRODUCTS_DIR; };
		43DFD6412B27816A00AB76BF /* Bank_appUITests.swift */ = {isa = PBXFileReference; lastKnownFileType = sourcecode.swift; path = Bank_appUITests.swift; sourceTree = "<group>"; };
		43DFD6432B27816A00AB76BF /* Bank_appUITestsLaunchTests.swift */ = {isa = PBXFileReference; lastKnownFileType = sourcecode.swift; path = Bank_appUITestsLaunchTests.swift; sourceTree = "<group>"; };
/* End PBXFileReference section */

/* Begin PBXFrameworksBuildPhase section */
		43DFD6172B27816800AB76BF /* Frameworks */ = {
			isa = PBXFrameworksBuildPhase;
			buildActionMask = 2147483647;
			files = (
			);
			runOnlyForDeploymentPostprocessing = 0;
		};
		43DFD6302B27816A00AB76BF /* Frameworks */ = {
			isa = PBXFrameworksBuildPhase;
			buildActionMask = 2147483647;
			files = (
			);
			runOnlyForDeploymentPostprocessing = 0;
		};
		43DFD63A2B27816A00AB76BF /* Frameworks */ = {
			isa = PBXFrameworksBuildPhase;
			buildActionMask = 2147483647;
			files = (
			);
			runOnlyForDeploymentPostprocessing = 0;
		};
/* End PBXFrameworksBuildPhase section */

/* Begin PBXGroup section */
		43DFD6112B27816800AB76BF = {
			isa = PBXGroup;
			children = (
				43DFD61C2B27816800AB76BF /* Bank-app */,
				43DFD6362B27816A00AB76BF /* Bank-appTests */,
				43DFD6402B27816A00AB76BF /* Bank-appUITests */,
				43DFD61B2B27816800AB76BF /* Products */,
			);
			sourceTree = "<group>";
		};
		43DFD61B2B27816800AB76BF /* Products */ = {
			isa = PBXGroup;
			children = (
				43DFD61A2B27816800AB76BF /* Bank-app.app */,
				43DFD6332B27816A00AB76BF /* Bank-appTests.xctest */,
				43DFD63D2B27816A00AB76BF /* Bank-appUITests.xctest */,
			);
			name = Products;
			sourceTree = "<group>";
		};
		43DFD61C2B27816800AB76BF /* Bank-app */ = {
			isa = PBXGroup;
			children = (
				43DFD61D2B27816800AB76BF /* AppDelegate.swift */,
				43DFD61F2B27816800AB76BF /* SceneDelegate.swift */,
				43DFD6212B27816800AB76BF /* ViewController.swift */,
				43DFD6232B27816800AB76BF /* Main.storyboard */,
				43DFD6292B27816A00AB76BF /* Assets.xcassets */,
				43DFD62B2B27816A00AB76BF /* LaunchScreen.storyboard */,
				43DFD62E2B27816A00AB76BF /* Info.plist */,
				43DFD6262B27816800AB76BF /* Bank_app.xcdatamodeld */,
			);
			path = "Bank-app";
			sourceTree = "<group>";
		};
		43DFD6362B27816A00AB76BF /* Bank-appTests */ = {
			isa = PBXGroup;
			children = (
				43DFD6372B27816A00AB76BF /* Bank_appTests.swift */,
			);
			path = "Bank-appTests";
			sourceTree = "<group>";
		};
		43DFD6402B27816A00AB76BF /* Bank-appUITests */ = {
			isa = PBXGroup;
			children = (
				43DFD6412B27816A00AB76BF /* Bank_appUITests.swift */,
				43DFD6432B27816A00AB76BF /* Bank_appUITestsLaunchTests.swift */,
			);
			path = "Bank-appUITests";
			sourceTree = "<group>";
		};
/* End PBXGroup section */

/* Begin PBXNativeTarget section */
		43DFD6192B27816800AB76BF /* Bank-app */ = {
			isa = PBXNativeTarget;
			buildConfigurationList = 43DFD6472B27816A00AB76BF /* Build configuration list for PBXNativeTarget "Bank-app" */;
			buildPhases = (
				43DFD6162B27816800AB76BF /* Sources */,
				43DFD6172B27816800AB76BF /* Frameworks */,
				43DFD6182B27816800AB76BF /* Resources */,
			);
			buildRules = (
			);
			dependencies = (
			);
			name = "Bank-app";
			productName = "Bank-app";
			productReference = 43DFD61A2B27816800AB76BF /* Bank-app.app */;
			productType = "com.apple.product-type.application";
		};
		43DFD6322B27816A00AB76BF /* Bank-appTests */ = {
			isa = PBXNativeTarget;
			buildConfigurationList = 43DFD64A2B27816A00AB76BF /* Build configuration list for PBXNativeTarget "Bank-appTests" */;
			buildPhases = (
				43DFD62F2B27816A00AB76BF /* Sources */,
				43DFD6302B27816A00AB76BF /* Frameworks */,
				43DFD6312B27816A00AB76BF /* Resources */,
			);
			buildRules = (
			);
			dependencies = (
				43DFD6352B27816A00AB76BF /* PBXTargetDependency */,
			);
			name = "Bank-appTests";
			productName = "Bank-appTests";
			productReference = 43DFD6332B27816A00AB76BF /* Bank-appTests.xctest */;
			productType = "com.apple.product-type.bundle.unit-test";
		};
		43DFD63C2B27816A00AB76BF /* Bank-appUITests */ = {
			isa = PBXNativeTarget;
			buildConfigurationList = 43DFD64D2B27816A00AB76BF /* Build configuration list for PBXNativeTarget "Bank-appUITests" */;
			buildPhases = (
				43DFD6392B27816A00AB76BF /* Sources */,
				43DFD63A2B27816A00AB76BF /* Frameworks */,
				43DFD63B2B27816A00AB76BF /* Resources */,
			);
			buildRules = (
			);
			dependencies = (
				43DFD63F2B27816A00AB76BF /* PBXTargetDependency */,
			);
			name = "Bank-appUITests";
			productName = "Bank-appUITests";
			productReference = 43DFD63D2B27816A00AB76BF /* Bank-appUITests.xctest */;
			productType = "com.apple.product-type.bundle.ui-testing";
		};
/* End PBXNativeTarget section */

/* Begin PBXProject section */
		43DFD6122B27816800AB76BF /* Project object */ = {
			isa = PBXProject;
			attributes = {
				BuildIndependentTargetsInParallel = 1;
				LastSwiftUpdateCheck = 1410;
				LastUpgradeCheck = 1410;
				TargetAttributes = {
					43DFD6192B27816800AB76BF = {
						CreatedOnToolsVersion = 14.1;
					};
					43DFD6322B27816A00AB76BF = {
						CreatedOnToolsVersion = 14.1;
						TestTargetID = 43DFD6192B27816800AB76BF;
					};
					43DFD63C2B27816A00AB76BF = {
						CreatedOnToolsVersion = 14.1;
						TestTargetID = 43DFD6192B27816800AB76BF;
					};
				};
			};
			buildConfigurationList = 43DFD6152B27816800AB76BF /* Build configuration list for PBXProject "Bank-app" */;
			compatibilityVersion = "Xcode 14.0";
			developmentRegion = en;
			hasScannedForEncodings = 0;
			knownRegions = (
				en,
				Base,
			);
			mainGroup = 43DFD6112B27816800AB76BF;
			productRefGroup = 43DFD61B2B27816800AB76BF /* Products */;
			projectDirPath = "";
			projectRoot = "";
			targets = (
				43DFD6192B27816800AB76BF /* Bank-app */,
				43DFD6322B27816A00AB76BF /* Bank-appTests */,
				43DFD63C2B27816A00AB76BF /* Bank-appUITests */,
			);
		};
/* End PBXProject section */

/* Begin PBXResourcesBuildPhase section */
		43DFD6182B27816800AB76BF /* Resources */ = {
			isa = PBXResourcesBuildPhase;
			buildActionMask = 2147483647;
			files = (
				43DFD62D2B27816A00AB76BF /* LaunchScreen.storyboard in Resources */,
				43DFD62A2B27816A00AB76BF /* Assets.xcassets in Resources */,
				43DFD6252B27816800AB76BF /* Main.storyboard in Resources */,
			);
			runOnlyForDeploymentPostprocessing = 0;
		};
		43DFD6312B27816A00AB76BF /* Resources */ = {
			isa = PBXResourcesBuildPhase;
			buildActionMask = 2147483647;
			files = (
			);
			runOnlyForDeploymentPostprocessing = 0;
		};
		43DFD63B2B27816A00AB76BF /* Resources */ = {
			isa = PBXResourcesBuildPhase;
			buildActionMask = 2147483647;
			files = (
			);
			runOnlyForDeploymentPostprocessing = 0;
		};
/* End PBXResourcesBuildPhase section */

/* Begin PBXSourcesBuildPhase section */
		43DFD6162B27816800AB76BF /* Sources */ = {
			isa = PBXSourcesBuildPhase;
			buildActionMask = 2147483647;
			files = (
				43DFD6222B27816800AB76BF /* ViewController.swift in Sources */,
				43DFD6282B27816800AB76BF /* Bank_app.xcdatamodeld in Sources */,
				43DFD61E2B27816800AB76BF /* AppDelegate.swift in Sources */,
				43DFD6202B27816800AB76BF /* SceneDelegate.swift in Sources */,
			);
			runOnlyForDeploymentPostprocessing = 0;
		};
		43DFD62F2B27816A00AB76BF /* Sources */ = {
			isa = PBXSourcesBuildPhase;
			buildActionMask = 2147483647;
			files = (
				43DFD6382B27816A00AB76BF /* Bank_appTests.swift in Sources */,
			);
			runOnlyForDeploymentPostprocessing = 0;
		};
		43DFD6392B27816A00AB76BF /* Sources */ = {
			isa = PBXSourcesBuildPhase;
			buildActionMask = 2147483647;
			files = (
				43DFD6442B27816A00AB76BF /* Bank_appUITestsLaunchTests.swift in Sources */,
				43DFD6422B27816A00AB76BF /* Bank_appUITests.swift in Sources */,
			);
			runOnlyForDeploymentPostprocessing = 0;
		};
/* End PBXSourcesBuildPhase section */

/* Begin PBXTargetDependency section */
		43DFD6352B27816A00AB76BF /* PBXTargetDependency */ = {
			isa = PBXTargetDependency;
			target = 43DFD6192B27816800AB76BF /* Bank-app */;
			targetProxy = 43DFD6342B27816A00AB76BF /* PBXContainerItemProxy */;
		};
		43DFD63F2B27816A00AB76BF /* PBXTargetDependency */ = {
			isa = PBXTargetDependency;
			target = 43DFD6192B27816800AB76BF /* Bank-app */;
			targetProxy = 43DFD63E2B27816A00AB76BF /* PBXContainerItemProxy */;
		};
/* End PBXTargetDependency section */

/* Begin PBXVariantGroup section */
		43DFD6232B27816800AB76BF /* Main.storyboard */ = {
			isa = PBXVariantGroup;
			children = (
				43DFD6242B27816800AB76BF /* Base */,
			);
			name = Main.storyboard;
			sourceTree = "<group>";
		};
		43DFD62B2B27816A00AB76BF /* LaunchScreen.storyboard */ = {
			isa = PBXVariantGroup;
			children = (
				43DFD62C2B27816A00AB76BF /* Base */,
			);
			name = LaunchScreen.storyboard;
			sourceTree = "<group>";
		};
/* End PBXVariantGroup section */

/* Begin XCBuildConfiguration section */
		43DFD6452B27816A00AB76BF /* Debug */ = {
			isa = XCBuildConfiguration;
			buildSettings = {
				ALWAYS_SEARCH_USER_PATHS = NO;
				CLANG_ANALYZER_NONNULL = YES;
				CLANG_ANALYZER_NUMBER_OBJECT_CONVERSION = YES_AGGRESSIVE;
				CLANG_CXX_LANGUAGE_STANDARD = "gnu++20";
				CLANG_ENABLE_MODULES = YES;
				CLANG_ENABLE_OBJC_ARC = YES;
				CLANG_ENABLE_OBJC_WEAK = YES;
				CLANG_WARN_BLOCK_CAPTURE_AUTORELEASING = YES;
				CLANG_WARN_BOOL_CONVERSION = YES;
				CLANG_WARN_COMMA = YES;
				CLANG_WARN_CONSTANT_CONVERSION = YES;
				CLANG_WARN_DEPRECATED_OBJC_IMPLEMENTATIONS = YES;
				CLANG_WARN_DIRECT_OBJC_ISA_USAGE = YES_ERROR;
				CLANG_WARN_DOCUMENTATION_COMMENTS = YES;
				CLANG_WARN_EMPTY_BODY = YES;
				CLANG_WARN_ENUM_CONVERSION = YES;
				CLANG_WARN_INFINITE_RECURSION = YES;
				CLANG_WARN_INT_CONVERSION = YES;
				CLANG_WARN_NON_LITERAL_NULL_CONVERSION = YES;
				CLANG_WARN_OBJC_IMPLICIT_RETAIN_SELF = YES;
				CLANG_WARN_OBJC_LITERAL_CONVERSION = YES;
				CLANG_WARN_OBJC_ROOT_CLASS = YES_ERROR;
				CLANG_WARN_QUOTED_INCLUDE_IN_FRAMEWORK_HEADER = YES;
				CLANG_WARN_RANGE_LOOP_ANALYSIS = YES;
				CLANG_WARN_STRICT_PROTOTYPES = YES;
				CLANG_WARN_SUSPICIOUS_MOVE = YES;
				CLANG_WARN_UNGUARDED_AVAILABILITY = YES_AGGRESSIVE;
				CLANG_WARN_UNREACHABLE_CODE = YES;
				CLANG_WARN__DUPLICATE_METHOD_MATCH = YES;
				COPY_PHASE_STRIP = NO;
				DEBUG_INFORMATION_FORMAT = dwarf;
				ENABLE_STRICT_OBJC_MSGSEND = YES;
				ENABLE_TESTABILITY = YES;
				GCC_C_LANGUAGE_STANDARD = gnu11;
				GCC_DYNAMIC_NO_PIC = NO;
				GCC_NO_COMMON_BLOCKS = YES;
				GCC_OPTIMIZATION_LEVEL = 0;
				GCC_PREPROCESSOR_DEFINITIONS = (
					"DEBUG=1",
					"$(inherited)",
				);
				GCC_WARN_64_TO_32_BIT_CONVERSION = YES;
				GCC_WARN_ABOUT_RETURN_TYPE = YES_ERROR;
				GCC_WARN_UNDECLARED_SELECTOR = YES;
				GCC_WARN_UNINITIALIZED_AUTOS = YES_AGGRESSIVE;
				GCC_WARN_UNUSED_FUNCTION = YES;
				GCC_WARN_UNUSED_VARIABLE = YES;
				IPHONEOS_DEPLOYMENT_TARGET = 16.1;
				MTL_ENABLE_DEBUG_INFO = INCLUDE_SOURCE;
				MTL_FAST_MATH = YES;
				ONLY_ACTIVE_ARCH = YES;
				SDKROOT = iphoneos;
				SWIFT_ACTIVE_COMPILATION_CONDITIONS = DEBUG;
				SWIFT_OPTIMIZATION_LEVEL = "-Onone";
			};
			name = Debug;
		};
		43DFD6462B27816A00AB76BF /* Release */ = {
			isa = XCBuildConfiguration;
			buildSettings = {
				ALWAYS_SEARCH_USER_PATHS = NO;
				CLANG_ANALYZER_NONNULL = YES;
				CLANG_ANALYZER_NUMBER_OBJECT_CONVERSION = YES_AGGRESSIVE;
				CLANG_CXX_LANGUAGE_STANDARD = "gnu++20";
				CLANG_ENABLE_MODULES = YES;
				CLANG_ENABLE_OBJC_ARC = YES;
				CLANG_ENABLE_OBJC_WEAK = YES;
				CLANG_WARN_BLOCK_CAPTURE_AUTORELEASING = YES;
				CLANG_WARN_BOOL_CONVERSION = YES;
				CLANG_WARN_COMMA = YES;
				CLANG_WARN_CONSTANT_CONVERSION = YES;
				CLANG_WARN_DEPRECATED_OBJC_IMPLEMENTATIONS = YES;
				CLANG_WARN_DIRECT_OBJC_ISA_USAGE = YES_ERROR;
				CLANG_WARN_DOCUMENTATION_COMMENTS = YES;
				CLANG_WARN_EMPTY_BODY = YES;
				CLANG_WARN_ENUM_CONVERSION = YES;
				CLANG_WARN_INFINITE_RECURSION = YES;
				CLANG_WARN_INT_CONVERSION = YES;
				CLANG_WARN_NON_LITERAL_NULL_CONVERSION = YES;
				CLANG_WARN_OBJC_IMPLICIT_RETAIN_SELF = YES;
				CLANG_WARN_OBJC_LITERAL_CONVERSION = YES;
				CLANG_WARN_OBJC_ROOT_CLASS = YES_ERROR;
				CLANG_WARN_QUOTED_INCLUDE_IN_FRAMEWORK_HEADER = YES;
				CLANG_WARN_RANGE_LOOP_ANALYSIS = YES;
				CLANG_WARN_STRICT_PROTOTYPES = YES;
				CLANG_WARN_SUSPICIOUS_MOVE = YES;
				CLANG_WARN_UNGUARDED_AVAILABILITY = YES_AGGRESSIVE;
				CLANG_WARN_UNREACHABLE_CODE = YES;
				CLANG_WARN__DUPLICATE_METHOD_MATCH = YES;
				COPY_PHASE_STRIP = NO;
				DEBUG_INFORMATION_FORMAT = "dwarf-with-dsym";
				ENABLE_NS_ASSERTIONS = NO;
				ENABLE_STRICT_OBJC_MSGSEND = YES;
				GCC_C_LANGUAGE_STANDARD = gnu11;
				GCC_NO_COMMON_BLOCKS = YES;
				GCC_WARN_64_TO_32_BIT_CONVERSION = YES;
				GCC_WARN_ABOUT_RETURN_TYPE = YES_ERROR;
				GCC_WARN_UNDECLARED_SELECTOR = YES;
				GCC_WARN_UNINITIALIZED_AUTOS = YES_AGGRESSIVE;
				GCC_WARN_UNUSED_FUNCTION = YES;
				GCC_WARN_UNUSED_VARIABLE = YES;
				IPHONEOS_DEPLOYMENT_TARGET = 16.1;
				MTL_ENABLE_DEBUG_INFO = NO;
				MTL_FAST_MATH = YES;
				SDKROOT = iphoneos;
				SWIFT_COMPILATION_MODE = wholemodule;
				SWIFT_OPTIMIZATION_LEVEL = "-O";
				VALIDATE_PRODUCT = YES;
			};
			name = Release;
		};
		43DFD6482B27816A00AB76BF /* Debug */ = {
			isa = XCBuildConfiguration;
			buildSettings = {
				ASSETCATALOG_COMPILER_APPICON_NAME = AppIcon;
				ASSETCATALOG_COMPILER_GLOBAL_ACCENT_COLOR_NAME = AccentColor;
				CODE_SIGN_STYLE = Automatic;
				CURRENT_PROJECT_VERSION = 1;
				DEVELOPMENT_TEAM = 5T9TKZ5MKP;
				GENERATE_INFOPLIST_FILE = YES;
				INFOPLIST_FILE = "Bank-app/Info.plist";
				INFOPLIST_KEY_UIApplicationSupportsIndirectInputEvents = YES;
				INFOPLIST_KEY_UILaunchStoryboardName = LaunchScreen;
				INFOPLIST_KEY_UIMainStoryboardFile = Main;
				INFOPLIST_KEY_UISupportedInterfaceOrientations_iPad = "UIInterfaceOrientationPortrait UIInterfaceOrientationPortraitUpsideDown UIInterfaceOrientationLandscapeLeft UIInterfaceOrientationLandscapeRight";
				INFOPLIST_KEY_UISupportedInterfaceOrientations_iPhone = "UIInterfaceOrientationPortrait UIInterfaceOrientationLandscapeLeft UIInterfaceOrientationLandscapeRight";
				LD_RUNPATH_SEARCH_PATHS = (
					"$(inherited)",
					"@executable_path/Frameworks",
				);
				MARKETING_VERSION = 1.0;
				PRODUCT_BUNDLE_IDENTIFIER = "met.Bank-app";
				PRODUCT_NAME = "$(TARGET_NAME)";
				SWIFT_EMIT_LOC_STRINGS = YES;
				SWIFT_VERSION = 5.0;
				TARGETED_DEVICE_FAMILY = "1,2";
			};
			name = Debug;
		};
		43DFD6492B27816A00AB76BF /* Release */ = {
			isa = XCBuildConfiguration;
			buildSettings = {
				ASSETCATALOG_COMPILER_APPICON_NAME = AppIcon;
				ASSETCATALOG_COMPILER_GLOBAL_ACCENT_COLOR_NAME = AccentColor;
				CODE_SIGN_STYLE = Automatic;
				CURRENT_PROJECT_VERSION = 1;
				DEVELOPMENT_TEAM = 5T9TKZ5MKP;
				GENERATE_INFOPLIST_FILE = YES;
				INFOPLIST_FILE = "Bank-app/Info.plist";
				INFOPLIST_KEY_UIApplicationSupportsIndirectInputEvents = YES;
				INFOPLIST_KEY_UILaunchStoryboardName = LaunchScreen;
				INFOPLIST_KEY_UIMainStoryboardFile = Main;
				INFOPLIST_KEY_UISupportedInterfaceOrientations_iPad = "UIInterfaceOrientationPortrait UIInterfaceOrientationPortraitUpsideDown UIInterfaceOrientationLandscapeLeft UIInterfaceOrientationLandscapeRight";
				INFOPLIST_KEY_UISupportedInterfaceOrientations_iPhone = "UIInterfaceOrientationPortrait UIInterfaceOrientationLandscapeLeft UIInterfaceOrientationLandscapeRight";
				LD_RUNPATH_SEARCH_PATHS = (
					"$(inherited)",
					"@executable_path/Frameworks",
				);
				MARKETING_VERSION = 1.0;
				PRODUCT_BUNDLE_IDENTIFIER = "met.Bank-app";
				PRODUCT_NAME = "$(TARGET_NAME)";
				SWIFT_EMIT_LOC_STRINGS = YES;
				SWIFT_VERSION = 5.0;
				TARGETED_DEVICE_FAMILY = "1,2";
			};
			name = Release;
		};
		43DFD64B2B27816A00AB76BF /* Debug */ = {
			isa = XCBuildConfiguration;
			buildSettings = {
				ALWAYS_EMBED_SWIFT_STANDARD_LIBRARIES = YES;
				BUNDLE_LOADER = "$(TEST_HOST)";
				CODE_SIGN_STYLE = Automatic;
				CURRENT_PROJECT_VERSION = 1;
				DEVELOPMENT_TEAM = 5T9TKZ5MKP;
				GENERATE_INFOPLIST_FILE = YES;
				IPHONEOS_DEPLOYMENT_TARGET = 16.1;
				MARKETING_VERSION = 1.0;
				PRODUCT_BUNDLE_IDENTIFIER = "met.Bank-appTests";
				PRODUCT_NAME = "$(TARGET_NAME)";
				SWIFT_EMIT_LOC_STRINGS = NO;
				SWIFT_VERSION = 5.0;
				TARGETED_DEVICE_FAMILY = "1,2";
				TEST_HOST = "$(BUILT_PRODUCTS_DIR)/Bank-app.app/$(BUNDLE_EXECUTABLE_FOLDER_PATH)/Bank-app";
			};
			name = Debug;
		};
		43DFD64C2B27816A00AB76BF /* Release */ = {
			isa = XCBuildConfiguration;
			buildSettings = {
				ALWAYS_EMBED_SWIFT_STANDARD_LIBRARIES = YES;
				BUNDLE_LOADER = "$(TEST_HOST)";
				CODE_SIGN_STYLE = Automatic;
				CURRENT_PROJECT_VERSION = 1;
				DEVELOPMENT_TEAM = 5T9TKZ5MKP;
				GENERATE_INFOPLIST_FILE = YES;
				IPHONEOS_DEPLOYMENT_TARGET = 16.1;
				MARKETING_VERSION = 1.0;
				PRODUCT_BUNDLE_IDENTIFIER = "met.Bank-appTests";
				PRODUCT_NAME = "$(TARGET_NAME)";
				SWIFT_EMIT_LOC_STRINGS = NO;
				SWIFT_VERSION = 5.0;
				TARGETED_DEVICE_FAMILY = "1,2";
				TEST_HOST = "$(BUILT_PRODUCTS_DIR)/Bank-app.app/$(BUNDLE_EXECUTABLE_FOLDER_PATH)/Bank-app";
			};
			name = Release;
		};
		43DFD64E2B27816A00AB76BF /* Debug */ = {
			isa = XCBuildConfiguration;
			buildSettings = {
				ALWAYS_EMBED_SWIFT_STANDARD_LIBRARIES = YES;
				CODE_SIGN_STYLE = Automatic;
				CURRENT_PROJECT_VERSION = 1;
				DEVELOPMENT_TEAM = 5T9TKZ5MKP;
				GENERATE_INFOPLIST_FILE = YES;
				MARKETING_VERSION = 1.0;
				PRODUCT_BUNDLE_IDENTIFIER = "met.Bank-appUITests";
				PRODUCT_NAME = "$(TARGET_NAME)";
				SWIFT_EMIT_LOC_STRINGS = NO;
				SWIFT_VERSION = 5.0;
				TARGETED_DEVICE_FAMILY = "1,2";
				TEST_TARGET_NAME = "Bank-app";
			};
			name = Debug;
		};
		43DFD64F2B27816A00AB76BF /* Release */ = {
			isa = XCBuildConfiguration;
			buildSettings = {
				ALWAYS_EMBED_SWIFT_STANDARD_LIBRARIES = YES;
				CODE_SIGN_STYLE = Automatic;
				CURRENT_PROJECT_VERSION = 1;
				DEVELOPMENT_TEAM = 5T9TKZ5MKP;
				GENERATE_INFOPLIST_FILE = YES;
				MARKETING_VERSION = 1.0;
				PRODUCT_BUNDLE_IDENTIFIER = "met.Bank-appUITests";
				PRODUCT_NAME = "$(TARGET_NAME)";
				SWIFT_EMIT_LOC_STRINGS = NO;
				SWIFT_VERSION = 5.0;
				TARGETED_DEVICE_FAMILY = "1,2";
				TEST_TARGET_NAME = "Bank-app";
			};
			name = Release;
		};
/* End XCBuildConfiguration section */

/* Begin XCConfigurationList section */
		43DFD6152B27816800AB76BF /* Build configuration list for PBXProject "Bank-app" */ = {
			isa = XCConfigurationList;
			buildConfigurations = (
				43DFD6452B27816A00AB76BF /* Debug */,
				43DFD6462B27816A00AB76BF /* Release */,
			);
			defaultConfigurationIsVisible = 0;
			defaultConfigurationName = Release;
		};
		43DFD6472B27816A00AB76BF /* Build configuration list for PBXNativeTarget "Bank-app" */ = {
			isa = XCConfigurationList;
			buildConfigurations = (
				43DFD6482B27816A00AB76BF /* Debug */,
				43DFD6492B27816A00AB76BF /* Release */,
			);
			defaultConfigurationIsVisible = 0;
			defaultConfigurationName = Release;
		};
		43DFD64A2B27816A00AB76BF /* Build configuration list for PBXNativeTarget "Bank-appTests" */ = {
			isa = XCConfigurationList;
			buildConfigurations = (
				43DFD64B2B27816A00AB76BF /* Debug */,
				43DFD64C2B27816A00AB76BF /* Release */,
			);
			defaultConfigurationIsVisible = 0;
			defaultConfigurationName = Release;
		};
		43DFD64D2B27816A00AB76BF /* Build configuration list for PBXNativeTarget "Bank-appUITests" */ = {
			isa = XCConfigurationList;
			buildConfigurations = (
				43DFD64E2B27816A00AB76BF /* Debug */,
				43DFD64F2B27816A00AB76BF /* Release */,
			);
			defaultConfigurationIsVisible = 0;
			defaultConfigurationName = Release;
		};
/* End XCConfigurationList section */

/* Begin XCVersionGroup section */
		43DFD6262B27816800AB76BF /* Bank_app.xcdatamodeld */ = {
			isa = XCVersionGroup;
			children = (
				43DFD6272B27816800AB76BF /* Bank_app.xcdatamodel */,
			);
			currentVersion = 43DFD6272B27816800AB76BF /* Bank_app.xcdatamodel */;
			path = Bank_app.xcdatamodeld;
			sourceTree = "<group>";
			versionGroupType = wrapper.xcdatamodel;
		};
/* End XCVersionGroup section */
	};
	rootObject = 43DFD6122B27816800AB76BF /* Project object */;
}
